{
  "name": "@victorycto/location-map-component",
  "version": "1.0.2",
  "lockfileVersion": 1,
  "requires": true,
  "dependencies": {
    "@material/animation": {
      "version": "7.0.0-canary.d92d8c93e.0",
      "resolved": "https://registry.npmjs.org/@material/animation/-/animation-7.0.0-canary.d92d8c93e.0.tgz",
      "integrity": "sha512-MeOcW2xEyeHTwCrGERStR3lbPlDIZLqAe9d4gTHAZjf7lnTSzjOpJiXiaX8GRjBAlQ9Z4Ucy8rfCSHjKa4BU2Q==",
      "requires": {
        "tslib": "^1.9.3"
      }
    },
    "@material/base": {
      "version": "7.0.0-canary.d92d8c93e.0",
      "resolved": "https://registry.npmjs.org/@material/base/-/base-7.0.0-canary.d92d8c93e.0.tgz",
      "integrity": "sha512-ey7Sz8E1A/u0lqCahn57seXYOglJk+bwBgHB+ErJICdUpVD8OhKYtAb++2+eNXVujsHohXx8TM/tZOsefATsQg==",
      "requires": {
        "tslib": "^1.9.3"
      }
    },
    "@material/button": {
      "version": "7.0.0-canary.d92d8c93e.0",
      "resolved": "https://registry.npmjs.org/@material/button/-/button-7.0.0-canary.d92d8c93e.0.tgz",
      "integrity": "sha512-YJqwOB6Xr619nSuWGUmkJN/+bj5sV/AsDfaE28Mv3xjoFqPK19I5RsDI62uZCmODGQfgxkY768JziT49zY9LXg==",
      "requires": {
        "@material/density": "7.0.0-canary.d92d8c93e.0",
        "@material/elevation": "7.0.0-canary.d92d8c93e.0",
        "@material/feature-targeting": "7.0.0-canary.d92d8c93e.0",
        "@material/ripple": "7.0.0-canary.d92d8c93e.0",
        "@material/rtl": "7.0.0-canary.d92d8c93e.0",
        "@material/shape": "7.0.0-canary.d92d8c93e.0",
        "@material/theme": "7.0.0-canary.d92d8c93e.0",
        "@material/touch-target": "7.0.0-canary.d92d8c93e.0",
        "@material/typography": "7.0.0-canary.d92d8c93e.0"
      }
    },
    "@material/density": {
      "version": "7.0.0-canary.d92d8c93e.0",
      "resolved": "https://registry.npmjs.org/@material/density/-/density-7.0.0-canary.d92d8c93e.0.tgz",
      "integrity": "sha512-yUZw5NSTp7Aj/6Qu5bqLmX23X1QWBfShAoKIwFFZMpLkgWQPy2+p+o9JqaPXN9U824/sDFDP9nofR5VosaNyVg=="
    },
    "@material/dom": {
      "version": "7.0.0-canary.d92d8c93e.0",
      "resolved": "https://registry.npmjs.org/@material/dom/-/dom-7.0.0-canary.d92d8c93e.0.tgz",
      "integrity": "sha512-mHMF2dkKbymywgkOdMPdW1+MbQn2GzvdSpjfRDX/cGh6lKQ0/fado276b/vpXRQb7vNXG1Z21TUtBiZyuyf/PA==",
      "requires": {
        "@material/feature-targeting": "7.0.0-canary.d92d8c93e.0",
        "tslib": "^1.9.3"
      }
    },
    "@material/elevation": {
      "version": "7.0.0-canary.d92d8c93e.0",
      "resolved": "https://registry.npmjs.org/@material/elevation/-/elevation-7.0.0-canary.d92d8c93e.0.tgz",
      "integrity": "sha512-qBIxG2wKZCsKN99zfss9xcI312dOnnkp6HfRSdnVSIsJd/c5RicY0hw/EE+hS+VYc8M0rnc+HSgM/+MMbFzz9w==",
      "requires": {
        "@material/animation": "7.0.0-canary.d92d8c93e.0",
        "@material/base": "7.0.0-canary.d92d8c93e.0",
        "@material/feature-targeting": "7.0.0-canary.d92d8c93e.0",
        "@material/theme": "7.0.0-canary.d92d8c93e.0"
      }
    },
    "@material/feature-targeting": {
      "version": "7.0.0-canary.d92d8c93e.0",
      "resolved": "https://registry.npmjs.org/@material/feature-targeting/-/feature-targeting-7.0.0-canary.d92d8c93e.0.tgz",
      "integrity": "sha512-0avhPtQSnHrQV6jeBZpnqLq51KFjP1oHaQKr2Tm+eqZXqQibNTUyds9oXVTzukd9v3NYTsbdMBpeiKyNrPfHMA=="
    },
    "@material/mwc-base": {
      "version": "0.15.0",
      "resolved": "https://registry.npmjs.org/@material/mwc-base/-/mwc-base-0.15.0.tgz",
      "integrity": "sha512-TlZQtwKMhU5e4GMQ3ZFwhJ2ANQJHTnPMRq6ZDEIG2vfoxx8JIWJ2f/yoI8MkoYUJ1Q6t5arBaBaI2Qr0JEstWw==",
      "requires": {
        "@material/base": "=7.0.0-canary.d92d8c93e.0",
        "@material/dom": "=7.0.0-canary.d92d8c93e.0",
        "@material/ripple": "=7.0.0-canary.d92d8c93e.0",
        "lit-element": "^2.3.0",
        "tslib": "^1.10.0"
      }
    },
    "@material/mwc-button": {
      "version": "0.15.0",
      "resolved": "https://registry.npmjs.org/@material/mwc-button/-/mwc-button-0.15.0.tgz",
      "integrity": "sha512-vwwT5I8b7mMAH4UzGZdfStbWx+/blhBlZ/wZM+CKbolwPuOeMLeTMMawhyRnLqMxedCPExQ1koYoABXNoUB4lQ==",
      "requires": {
        "@material/button": "=7.0.0-canary.d92d8c93e.0",
        "@material/mwc-base": "^0.15.0",
        "@material/mwc-icon": "^0.15.0",
        "@material/mwc-ripple": "^0.15.0",
        "lit-element": "^2.3.0",
        "lit-html": "^1.1.2",
        "tslib": "^1.10.0"
      }
    },
    "@material/mwc-icon": {
      "version": "0.15.0",
      "resolved": "https://registry.npmjs.org/@material/mwc-icon/-/mwc-icon-0.15.0.tgz",
      "integrity": "sha512-jKTwh9pNYn/DgQ1jmh3J7cl8CpOz7/seqLs70mURs2pMlbv9DIQiiYYprADExko7aaOwig9+lGmKQlEyLeV6DQ==",
      "requires": {
        "@material/mwc-base": "^0.15.0",
        "lit-element": "^2.3.0",
        "tslib": "^1.10.0"
      }
    },
    "@material/mwc-ripple": {
      "version": "0.15.0",
      "resolved": "https://registry.npmjs.org/@material/mwc-ripple/-/mwc-ripple-0.15.0.tgz",
      "integrity": "sha512-3elf4ysHoURfdoWRle/0zQ2l7OUSWE7Ah73B/PYr/DgHISmYYUjg2k/K5NSro9UcmshAVnppIujlcZN3GbQIyA==",
      "requires": {
        "@material/dom": "=7.0.0-canary.d92d8c93e.0",
        "@material/mwc-base": "^0.15.0",
        "@material/ripple": "=7.0.0-canary.d92d8c93e.0",
        "lit-element": "^2.3.0",
        "lit-html": "^1.1.2",
        "tslib": "^1.10.0"
      }
    },
    "@material/ripple": {
      "version": "7.0.0-canary.d92d8c93e.0",
      "resolved": "https://registry.npmjs.org/@material/ripple/-/ripple-7.0.0-canary.d92d8c93e.0.tgz",
      "integrity": "sha512-lnusvG5+xsaNsmj4MbUdzKeATzJ9uY8oWwSIApxyj4JOoHZzgwtkp/FTxri/rT0nE9wK7+h1oh+bEgZn7VCkZw==",
      "requires": {
        "@material/animation": "7.0.0-canary.d92d8c93e.0",
        "@material/base": "7.0.0-canary.d92d8c93e.0",
        "@material/dom": "7.0.0-canary.d92d8c93e.0",
        "@material/feature-targeting": "7.0.0-canary.d92d8c93e.0",
        "@material/theme": "7.0.0-canary.d92d8c93e.0",
        "tslib": "^1.9.3"
      }
    },
    "@material/rtl": {
      "version": "7.0.0-canary.d92d8c93e.0",
      "resolved": "https://registry.npmjs.org/@material/rtl/-/rtl-7.0.0-canary.d92d8c93e.0.tgz",
      "integrity": "sha512-HmxYd7BKsR37QZQWX7lrZepvaZGCc9kJn5CBv3b8d9i3Oo+m6aJttDU/U0f7QNBTNBD+kLAlTL9pDd9CgvsYuQ=="
    },
    "@material/shape": {
      "version": "7.0.0-canary.d92d8c93e.0",
      "resolved": "https://registry.npmjs.org/@material/shape/-/shape-7.0.0-canary.d92d8c93e.0.tgz",
      "integrity": "sha512-ymVfwUsitJWLpUtsn4bjJo0+cvfkAWvjQbwFj7mDViF3FvLwZEp1pHeuuciso+YDYo4l3NAz/fG/xAy+FBMTfw==",
      "requires": {
        "@material/feature-targeting": "7.0.0-canary.d92d8c93e.0",
        "@material/rtl": "7.0.0-canary.d92d8c93e.0"
      }
    },
    "@material/theme": {
      "version": "7.0.0-canary.d92d8c93e.0",
      "resolved": "https://registry.npmjs.org/@material/theme/-/theme-7.0.0-canary.d92d8c93e.0.tgz",
      "integrity": "sha512-Qx1ZPWDQVzE2adGGuVZ3wT0/jXvF8dW2Vei3oIbe52jNmHKS81ZMPgkHlYonKX5v53nKuxEdMIclZcFaEoBZWQ==",
      "requires": {
        "@material/feature-targeting": "7.0.0-canary.d92d8c93e.0"
      }
    },
    "@material/touch-target": {
      "version": "7.0.0-canary.d92d8c93e.0",
      "resolved": "https://registry.npmjs.org/@material/touch-target/-/touch-target-7.0.0-canary.d92d8c93e.0.tgz",
      "integrity": "sha512-md7J3xLYHej2k2yQy/T7SJRCf9nOKsn7J8ufWsamy6HvGXOCvZivFlf70eDbdz7wUQiG0H6kT5KywQtdP16uvQ==",
      "requires": {
        "@material/base": "7.0.0-canary.d92d8c93e.0",
        "@material/feature-targeting": "7.0.0-canary.d92d8c93e.0"
      }
    },
    "@material/typography": {
      "version": "7.0.0-canary.d92d8c93e.0",
      "resolved": "https://registry.npmjs.org/@material/typography/-/typography-7.0.0-canary.d92d8c93e.0.tgz",
      "integrity": "sha512-R7oAH4hi8EASn3Vetl+ZYIZkYQ6Cq2zVEE5zb1Iy6ELtwEL63lcb2oXEkvnTTYrS/XkQA7o4bs/HUAM+ojWECA==",
      "requires": {
        "@material/feature-targeting": "7.0.0-canary.d92d8c93e.0",
        "@material/theme": "7.0.0-canary.d92d8c93e.0"
      }
    },
    "lit-element": {
      "version": "2.3.1",
      "resolved": "https://registry.npmjs.org/lit-element/-/lit-element-2.3.1.tgz",
      "integrity": "sha512-tOcUAmeO3BzwiQ7FGWdsshNvC0HVHcTFYw/TLIImmKwXYoV0E7zCBASa8IJ7DiP4cen/Yoj454gS0qqTnIGsFA==",
      "requires": {
        "lit-html": "^1.1.1"
      }
    },
    "lit-html": {
      "version": "1.2.1",
      "resolved": "https://registry.npmjs.org/lit-html/-/lit-html-1.2.1.tgz",
      "integrity": "sha512-GSJHHXMGLZDzTRq59IUfL9FCdAlGfqNp/dEa7k7aBaaWD+JKaCjsAk9KYm2V12ItonVaYx2dprN66Zdm1AuBTQ=="
    },
    "tslib": {
      "version": "1.12.0",
      "resolved": "https://registry.npmjs.org/tslib/-/tslib-1.12.0.tgz",
      "integrity": "sha512-5rxCQkP0kytf4H1T4xz1imjxaUUPMvc5aWp0rJ/VMIN7ClRiH1FwFvBt8wOeMasp/epeUnmSW6CixSIePtiLqA=="
    }
  }
}
